
Microsoft Visual Studio Solution File, Format Version 12.00
# Visual Studio 2012
Project("{FAE04EC0-301F-11D3-BF4B-00C04F79EFBC}") = "ReactiveIOSTest", "reactiveIOSTest\ReactiveIOSTest.csproj", "{C2CAC730-15ED-453E-A9DA-C1679FEE8DAF}"
EndProject
Global
	GlobalSection(SolutionConfigurationPlatforms) = preSolution
		Debug|iPhoneSimulator = Debug|iPhoneSimulator
		Release|iPhone = Release|iPhone
		Release|iPhoneSimulator = Release|iPhoneSimulator
		Debug|iPhone = Debug|iPhone
	EndGlobalSection
	GlobalSection(ProjectConfigurationPlatforms) = postSolution
		{C2CAC730-15ED-453E-A9DA-C1679FEE8DAF}.Debug|iPhone.ActiveCfg = Debug|iPhone
		{C2CAC730-15ED-453E-A9DA-C1679FEE8DAF}.Debug|iPhone.Build.0 = Debug|iPhone
		{C2CAC730-15ED-453E-A9DA-C1679FEE8DAF}.Debug|iPhoneSimulator.ActiveCfg = Debug|iPhoneSimulator
		{C2CAC730-15ED-453E-A9DA-C1679FEE8DAF}.Debug|iPhoneSimulator.Build.0 = Debug|iPhoneSimulator
		{C2CAC730-15ED-453E-A9DA-C1679FEE8DAF}.Release|iPhone.ActiveCfg = Release|iPhone
		{C2CAC730-15ED-453E-A9DA-C1679FEE8DAF}.Release|iPhone.Build.0 = Release|iPhone
		{C2CAC730-15ED-453E-A9DA-C1679FEE8DAF}.Release|iPhoneSimulator.ActiveCfg = Release|iPhoneSimulator
		{C2CAC730-15ED-453E-A9DA-C1679FEE8DAF}.Release|iPhoneSimulator.Build.0 = Release|iPhoneSimulator
	EndGlobalSection
EndGlobal
